{
  "lockfileVersion": 2,
  "configVersion": 1,
  "workspaces": {
    "": {
      "name": "voice-engine",
      "dependencies": {
        "sherpa-onnx-node": "1.13.6",
      },
      "devDependencies": {
        "bun-types": "1.2.0",
        "typescript": "5.7.3",
      },
    },
  },
  "packages": {
    "@types/node": ["@types/node@26.2.0", "", { "dependencies": { "undici-types": "~8.3.0" } }, "sha512-5IviulTZeRNp2vAJ514cc/HUlY5nZ9fCbq9DMyC52BrhFZACo3nI0R7qBxhQmo/d27NFe96ur/b7Wwxklda+kg=="],

    "@types/ws": ["@types/ws@8.5.14", "", { "dependencies": { "@types/node": "*" } }, "sha512-bd/YFLW+URhBzMXurx7lWByOu+xzU9+kb3RboOteXYDfW+tr+JZa99OyNmPINEGB/ahzKrEuc8rcv4gnpJmxTw=="],

    "bun-types": ["bun-types@1.2.0", "", { "dependencies": { "@types/node": "*", "@types/ws": "~8.5.10" } }, "sha512-KEaJxyZfbV/c4eyG0vyehDpYmBGreNiQbZIqvVHJwZ4BmeuWlNZ7EAzMN2Zcd7ailmS/tGVW0BgYbGf+lGEpWw=="],

    "sherpa-onnx-darwin-arm64": ["sherpa-onnx-darwin-arm64@1.13.6", "", { "os": "darwin", "cpu": "arm64" }, "sha512-m3QMOGUHVPUl7bAOPc7oJtmzOVdzQVQPsCuTjNuQ2N6zlYuXDZu9NdUR3Er3rxbhHa6SmWa94flUwmUsO1atow=="],

    "sherpa-onnx-darwin-x64": ["sherpa-onnx-darwin-x64@1.13.6", "", { "os": "darwin", "cpu": "x64" }, "sha512-3X5FQ9PpwlBmxLqtb2/uvl7/W2HXXzXHT0MLmB9c0TRMANLujzvIF7YbT6VW3k92ClL/1q9sbIOul0rHgxCTmw=="],

    "sherpa-onnx-linux-arm64": ["sherpa-onnx-linux-arm64@1.13.6", "", { "os": "linux", "cpu": "arm64" }, "sha512-xSzhqrGFbBrykpbEFt5dLXB3Sp3a8idNzjhf92uylDgUhupBSRHj3ISeYaL9ZZWTNSzszNXBKlM+xH36dHQjPg=="],

    "sherpa-onnx-linux-x64": ["sherpa-onnx-linux-x64@1.13.6", "", { "os": "linux", "cpu": "x64" }, "sha512-HiR3yolQDl3WoU1zSXn8L0MSXzF9PXLQpMv+Ptozg1y/DJU8HuvoXBasOarX4cer5d9kGimnOUGm0dl47PCN1A=="],

    "sherpa-onnx-node": ["sherpa-onnx-node@1.13.6", "", { "optionalDependencies": { "sherpa-onnx-darwin-arm64": "^1.13.6", "sherpa-onnx-darwin-x64": "^1.13.6", "sherpa-onnx-linux-arm64": "^1.13.6", "sherpa-onnx-linux-x64": "^1.13.6", "sherpa-onnx-win-ia32": "^1.13.6", "sherpa-onnx-win-x64": "^1.13.6" } }, "sha512-FjUSQSStTi/wcLqlScGFmNA7ySjW3QwquJcMRJ1yDkDpBp0BmWXkXoirDuEj8/v2/Cs4wLYJp2BKaMD9+1lDGA=="],

    "sherpa-onnx-win-ia32": ["sherpa-onnx-win-ia32@1.13.6", "", { "os": "win32", "cpu": "ia32" }, "sha512-CN6rNQqn0wzdSp3XRHxdmNaLUMhP+BgsWVbaASU+V9CYBdx74uutoA/43ThUfh3S3CiArpp8OJtn8dJrPeGHnw=="],

    "sherpa-onnx-win-x64": ["sherpa-onnx-win-x64@1.13.6", "", { "os": "win32", "cpu": "x64" }, "sha512-bPMdURD1XCu1Zr3eYYlYx2obc5CMSQhEnd1GQuv7FXjdyOeMJ8jNbQEKFEIAyQdC481FgZvPBb2oSJXaLOOeVw=="],

    "typescript": ["typescript@5.7.3", "", { "bin": { "tsc": "bin/tsc", "tsserver": "bin/tsserver" } }, "sha512-84MVSjMEHP+FQRPy3pX9sTVV/INIex71s9TL2Gm5FG/WG1SqXeKyZ0k7/blY/4FdOzI12CBy1vGc4og/eus0fw=="],

    "undici-types": ["undici-types@8.3.0", "", {}, "sha512-j375ScV60dom+YkPFIfTLcOiPxkN/buHz5GobjLhixFuANaNs3C9l4GmrWqejgXWJ7BbJcFYpTEUkS1Ge8bpZQ=="],
  }
}
